
Microsoft Visual Studio Solution File, Format Version 12.00
Project("{FAE04EC0-301F-11D3-BF4B-00C04F79EFBC}") = "ASP_Lab", "ASP_Lab\ASP_Lab.csproj", "{23FB2C3C-26F5-405F-9253-9A5343E19373}"
EndProject
Global
	GlobalSection(SolutionConfigurationPlatforms) = preSolution
		Debug|Any CPU = Debug|Any CPU
		Release|Any CPU = Release|Any CPU
	EndGlobalSection
	GlobalSection(ProjectConfigurationPlatforms) = postSolution
		{23FB2C3C-26F5-405F-9253-9A5343E19373}.Debug|Any CPU.ActiveCfg = Debug|Any CPU
		{23FB2C3C-26F5-405F-9253-9A5343E19373}.Debug|Any CPU.Build.0 = Debug|Any CPU
		{23FB2C3C-26F5-405F-9253-9A5343E19373}.Release|Any CPU.ActiveCfg = Release|Any CPU
		{23FB2C3C-26F5-405F-9253-9A5343E19373}.Release|Any CPU.Build.0 = Release|Any CPU
	EndGlobalSection
EndGlobal
